
Microsoft Visual Studio Solution File, Format Version 12.00
# Visual Studio Version 17
VisualStudioVersion = 17.0.31903.59
MinimumVisualStudioVersion = 10.0.40219.1
Project("{9A19103F-16F7-4668-BE54-9A1E7A4F7556}") = "fibonacci-api", "src\fibonacci-api.csproj", "{4FC55013-DC19-4198-990C-F09B602A64BD}"
EndProject
Project("{2150E333-8FDC-42A3-9474-1A3956D46DE8}") = "Solution Items", "Solution Items", "{07A15B9A-6E7B-463D-AFF7-9C7A6F3538F9}"
	ProjectSection(SolutionItems) = preProject
		.editorconfig = .editorconfig
		.gitignore = .gitignore
		LICENSE = LICENSE
		README.md = README.md
	EndProjectSection
EndProject
Project("{9A19103F-16F7-4668-BE54-9A1E7A4F7556}") = "fibonacci-api.Tests", "test\fibonacci-api.Tests\fibonacci-api.Tests.csproj", "{3A3108DD-BAF0-416D-9531-365C005F0D90}"
EndProject
Global
	GlobalSection(SolutionConfigurationPlatforms) = preSolution
		Debug|Any CPU = Debug|Any CPU
		Release|Any CPU = Release|Any CPU
	EndGlobalSection
	GlobalSection(ProjectConfigurationPlatforms) = postSolution
		{4FC55013-DC19-4198-990C-F09B602A64BD}.Debug|Any CPU.ActiveCfg = Debug|Any CPU
		{4FC55013-DC19-4198-990C-F09B602A64BD}.Debug|Any CPU.Build.0 = Debug|Any CPU
		{4FC55013-DC19-4198-990C-F09B602A64BD}.Release|Any CPU.ActiveCfg = Release|Any CPU
		{4FC55013-DC19-4198-990C-F09B602A64BD}.Release|Any CPU.Build.0 = Release|Any CPU
		{3A3108DD-BAF0-416D-9531-365C005F0D90}.Debug|Any CPU.ActiveCfg = Debug|Any CPU
		{3A3108DD-BAF0-416D-9531-365C005F0D90}.Debug|Any CPU.Build.0 = Debug|Any CPU
		{3A3108DD-BAF0-416D-9531-365C005F0D90}.Release|Any CPU.ActiveCfg = Release|Any CPU
		{3A3108DD-BAF0-416D-9531-365C005F0D90}.Release|Any CPU.Build.0 = Release|Any CPU
	EndGlobalSection
	GlobalSection(SolutionProperties) = preSolution
		HideSolutionNode = FALSE
	EndGlobalSection
	GlobalSection(ExtensibilityGlobals) = postSolution
		SolutionGuid = {4483B880-C683-4E63-9053-BDAB2E7EA0AB}
	EndGlobalSection
EndGlobal
